
Microsoft Visual Studio Solution File, Format Version 12.00
# Visual Studio Version 17
VisualStudioVersion = 17.6.33723.286
MinimumVisualStudioVersion = 10.0.40219.1
Project("{FAE04EC0-301F-11D3-BF4B-00C04F79EFBC}") = "poker-api", "poker-api.csproj", "{05A56757-007D-40BC-8219-5162876CAD7A}"
EndProject
Global
	GlobalSection(SolutionConfigurationPlatforms) = preSolution
		Debug|Any CPU = Debug|Any CPU
		Release|Any CPU = Release|Any CPU
	EndGlobalSection
	GlobalSection(ProjectConfigurationPlatforms) = postSolution
		{05A56757-007D-40BC-8219-5162876CAD7A}.Debug|Any CPU.ActiveCfg = Debug|Any CPU
		{05A56757-007D-40BC-8219-5162876CAD7A}.Debug|Any CPU.Build.0 = Debug|Any CPU
		{05A56757-007D-40BC-8219-5162876CAD7A}.Release|Any CPU.ActiveCfg = Release|Any CPU
		{05A56757-007D-40BC-8219-5162876CAD7A}.Release|Any CPU.Build.0 = Release|Any CPU
	EndGlobalSection
	GlobalSection(SolutionProperties) = preSolution
		HideSolutionNode = FALSE
	EndGlobalSection
	GlobalSection(ExtensibilityGlobals) = postSolution
		SolutionGuid = {8441DDF8-D002-4E3D-BC05-63E901189621}
	EndGlobalSection
EndGlobal
